{
	"requires": true,
	"lockfileVersion": 1,
	"dependencies": {
		"nativescript-theme-core": {
			"version": "1.0.4",
			"resolved": "https://registry.npmjs.org/nativescript-theme-core/-/nativescript-theme-core-1.0.4.tgz",
			"integrity": "sha1-zyiAx/vy/l9D4iNdMJdQeQgD7+E="
		},
		"nativescript-ui-core": {
			"version": "1.0.1",
			"resolved": "https://registry.npmjs.org/nativescript-ui-core/-/nativescript-ui-core-1.0.1.tgz",
			"integrity": "sha512-e3JHjF0BzF+upfGO3m3iUmj6B0XD+OpeFOYD9BQoG4khqzaON7ChMoGv7lJYApnmMHvtMaeuKwbDrUDw7d//iw=="
		},
		"nativescript-ui-listview": {
			"version": "3.5.10",
			"resolved": "https://registry.npmjs.org/nativescript-ui-listview/-/nativescript-ui-listview-3.5.10.tgz",
			"integrity": "sha512-7lCf8hwHIvYl5vXVQIipi7ZavUtZ3fo/h/QRykeR5fG7zFjRxJ1TBE0ISsCVPZTs+4Z13sDQWeZ6SBE6gTWJ0w==",
			"requires": {
				"nativescript-ui-core": "1.0.1"
			}
		},
		"tns-core-modules": {
			"version": "4.1.0",
			"resolved": "https://registry.npmjs.org/tns-core-modules/-/tns-core-modules-4.1.0.tgz",
			"integrity": "sha512-ZTpH7/zHfARrJ+1bPwbBYyqFVQO+2unnygfLW8Bu3clzpTkdwwW++1DS+Qbzw7r84+dzdVPZ7zwEVkjpfAFogw==",
			"requires": {
				"tns-core-modules-widgets": "4.1.0"
			}
		},
		"tns-core-modules-widgets": {
			"version": "4.1.0",
			"resolved": "https://registry.npmjs.org/tns-core-modules-widgets/-/tns-core-modules-widgets-4.1.0.tgz",
			"integrity": "sha512-Wft3NCJ/++tAMd6nXqtiihX5gIvK0mAch7ft08cscg//NOkSi1OwZ2rhG8JmLSKeSwjtSPT0mw2/hts/bzuguw=="
		}
	}
}
